
Microsoft Visual Studio Solution File, Format Version 12.00
# Visual Studio Version 16
VisualStudioVersion = 16.0.30611.23
MinimumVisualStudioVersion = 10.0.40219.1
Project("{FAE04EC0-301F-11D3-BF4B-00C04F79EFBC}") = "dotNet5781_00_1853_9327", "dotNet5781_00_1853_9327\dotNet5781_00_1853_9327.csproj", "{A625AD44-229E-4C6C-9232-820E92F9B2D2}"
EndProject
Project("{FAE04EC0-301F-11D3-BF4B-00C04F79EFBC}") = "dotNet5781_01_1853_9327", "dotNet5781_01_1853_9327\dotNet5781_01_1853_9327.csproj", "{779C7687-8751-4521-8517-AFA7DB7CB09B}"
EndProject
Project("{FAE04EC0-301F-11D3-BF4B-00C04F79EFBC}") = "dotNet5781_02_1853_9327", "dotNet5781_02_1853_9327\dotNet5781_02_1853_9327.csproj", "{DFD94944-917C-4091-B4E6-10C58458E950}"
EndProject
Project("{FAE04EC0-301F-11D3-BF4B-00C04F79EFBC}") = "dotNet5781_03A_1853_9327", "dotNet5781_03A_1853_9327\dotNet5781_03A_1853_9327.csproj", "{3FDE2B59-64C3-4C8E-B574-495DCEEB2D4E}"
EndProject
Project("{FAE04EC0-301F-11D3-BF4B-00C04F79EFBC}") = "dotNet5781_03B_1853_9327", "dotNet5781_03B_1853_9327\dotNet5781_03B_1853_9327.csproj", "{450E8C7C-33B6-4130-B76B-D6959B59B2CE}"
EndProject
Global
	GlobalSection(SolutionConfigurationPlatforms) = preSolution
		Debug|Any CPU = Debug|Any CPU
		Release|Any CPU = Release|Any CPU
	EndGlobalSection
	GlobalSection(ProjectConfigurationPlatforms) = postSolution
		{A625AD44-229E-4C6C-9232-820E92F9B2D2}.Debug|Any CPU.ActiveCfg = Debug|Any CPU
		{A625AD44-229E-4C6C-9232-820E92F9B2D2}.Debug|Any CPU.Build.0 = Debug|Any CPU
		{A625AD44-229E-4C6C-9232-820E92F9B2D2}.Release|Any CPU.ActiveCfg = Release|Any CPU
		{A625AD44-229E-4C6C-9232-820E92F9B2D2}.Release|Any CPU.Build.0 = Release|Any CPU
		{779C7687-8751-4521-8517-AFA7DB7CB09B}.Debug|Any CPU.ActiveCfg = Debug|Any CPU
		{779C7687-8751-4521-8517-AFA7DB7CB09B}.Debug|Any CPU.Build.0 = Debug|Any CPU
		{779C7687-8751-4521-8517-AFA7DB7CB09B}.Release|Any CPU.ActiveCfg = Release|Any CPU
		{779C7687-8751-4521-8517-AFA7DB7CB09B}.Release|Any CPU.Build.0 = Release|Any CPU
		{DFD94944-917C-4091-B4E6-10C58458E950}.Debug|Any CPU.ActiveCfg = Debug|Any CPU
		{DFD94944-917C-4091-B4E6-10C58458E950}.Debug|Any CPU.Build.0 = Debug|Any CPU
		{DFD94944-917C-4091-B4E6-10C58458E950}.Release|Any CPU.ActiveCfg = Release|Any CPU
		{DFD94944-917C-4091-B4E6-10C58458E950}.Release|Any CPU.Build.0 = Release|Any CPU
		{3FDE2B59-64C3-4C8E-B574-495DCEEB2D4E}.Debug|Any CPU.ActiveCfg = Debug|Any CPU
		{3FDE2B59-64C3-4C8E-B574-495DCEEB2D4E}.Debug|Any CPU.Build.0 = Debug|Any CPU
		{3FDE2B59-64C3-4C8E-B574-495DCEEB2D4E}.Release|Any CPU.ActiveCfg = Release|Any CPU
		{3FDE2B59-64C3-4C8E-B574-495DCEEB2D4E}.Release|Any CPU.Build.0 = Release|Any CPU
		{450E8C7C-33B6-4130-B76B-D6959B59B2CE}.Debug|Any CPU.ActiveCfg = Debug|Any CPU
		{450E8C7C-33B6-4130-B76B-D6959B59B2CE}.Debug|Any CPU.Build.0 = Debug|Any CPU
		{450E8C7C-33B6-4130-B76B-D6959B59B2CE}.Release|Any CPU.ActiveCfg = Release|Any CPU
		{450E8C7C-33B6-4130-B76B-D6959B59B2CE}.Release|Any CPU.Build.0 = Release|Any CPU
	EndGlobalSection
	GlobalSection(SolutionProperties) = preSolution
		HideSolutionNode = FALSE
	EndGlobalSection
	GlobalSection(ExtensibilityGlobals) = postSolution
		SolutionGuid = {8C6288D1-8893-480D-B3B4-C67507C62B2D}
	EndGlobalSection
EndGlobal
